
Microsoft Visual Studio Solution File, Format Version 12.00
# Visual Studio Version 17
VisualStudioVersion = 17.5.002.0
MinimumVisualStudioVersion = 10.0.40219.1
Project("{2150E333-8FDC-42A3-9474-1A3956D46DE8}") = "csharp-prep", "csharp-prep", "{F837F7C6-B607-48DB-9F53-CC76E585C581}"
EndProject
Project("{9A19103F-16F7-4668-BE54-9A1E7A4F7556}") = "Prep1", "csharp-prep\Prep1\Prep1.csproj", "{44EBCAA8-E9B4-4F91-99A0-81C4E0A58048}"
EndProject
Project("{9A19103F-16F7-4668-BE54-9A1E7A4F7556}") = "Prep2", "csharp-prep\Prep2\Prep2.csproj", "{C0387640-8C4A-471A-BDA9-3EEEB93D1D9D}"
EndProject
Project("{9A19103F-16F7-4668-BE54-9A1E7A4F7556}") = "Prep3", "csharp-prep\Prep3\Prep3.csproj", "{B7010E8B-46B5-4AB3-8A69-B9B8863A7034}"
EndProject
Project("{9A19103F-16F7-4668-BE54-9A1E7A4F7556}") = "Prep4", "csharp-prep\Prep4\Prep4.csproj", "{D6FCAC2C-ACBD-4121-B58E-15068667A7F3}"
EndProject
Project("{9A19103F-16F7-4668-BE54-9A1E7A4F7556}") = "Prep5", "csharp-prep\Prep5\Prep5.csproj", "{6EF6CB8D-E251-4F81-8AA5-12D06E58D3D7}"
EndProject
Project("{2150E333-8FDC-42A3-9474-1A3956D46DE8}") = "final", "final", "{0FBFFE5F-025F-4EB4-8D78-E8225735916A}"
EndProject
Project("{9A19103F-16F7-4668-BE54-9A1E7A4F7556}") = "FinalProject", "final\FinalProject\FinalProject.csproj", "{2F7CD283-2FB4-4EAA-A81E-D7EF6EDEFBFC}"
EndProject
Project("{9A19103F-16F7-4668-BE54-9A1E7A4F7556}") = "Foundation1", "final\Foundation1\Foundation1.csproj", "{837E51DB-CC62-46CD-96A1-5773209E7ACD}"
EndProject
Project("{9A19103F-16F7-4668-BE54-9A1E7A4F7556}") = "Foundation2", "final\Foundation2\Foundation2.csproj", "{5F059DCE-05F7-4B13-BAD4-037AB2FC530E}"
EndProject
Project("{9A19103F-16F7-4668-BE54-9A1E7A4F7556}") = "Foundation3", "final\Foundation3\Foundation3.csproj", "{CCA79547-9F17-4141-BD6F-3208694ABCD8}"
EndProject
Project("{9A19103F-16F7-4668-BE54-9A1E7A4F7556}") = "Foundation4", "final\Foundation4\Foundation4.csproj", "{E769FABB-5D71-42F8-844F-FDC552853B12}"
EndProject
Project("{2150E333-8FDC-42A3-9474-1A3956D46DE8}") = "prepare", "prepare", "{4C825831-6F9E-4FA6-A89A-6F833D2C70C6}"
EndProject
Project("{9A19103F-16F7-4668-BE54-9A1E7A4F7556}") = "Learning02", "prepare\Learning02\Learning02.csproj", "{0A74B305-9A39-4616-99C8-60608EF70384}"
EndProject
Project("{9A19103F-16F7-4668-BE54-9A1E7A4F7556}") = "Learning03", "prepare\Learning03\Learning03.csproj", "{BD8E1583-EA01-46E8-BD12-6846B0C525B5}"
EndProject
Project("{9A19103F-16F7-4668-BE54-9A1E7A4F7556}") = "Learning04", "prepare\Learning04\Learning04.csproj", "{052347C2-44E4-499C-ADB1-32CAB3ED982C}"
EndProject
Project("{9A19103F-16F7-4668-BE54-9A1E7A4F7556}") = "Learning05", "prepare\Learning05\Learning05.csproj", "{CE08EDB7-B8B1-4FB6-93B7-5758EBAB8533}"
EndProject
Project("{2150E333-8FDC-42A3-9474-1A3956D46DE8}") = "prove", "prove", "{BD8DC0A0-C777-4AD0-8EA0-C969F49A9393}"
EndProject
Project("{9A19103F-16F7-4668-BE54-9A1E7A4F7556}") = "Develop02", "prove\Develop02\Develop02.csproj", "{F69AF7EE-80C3-4B03-99BA-064E5465CCF0}"
EndProject
Project("{9A19103F-16F7-4668-BE54-9A1E7A4F7556}") = "Develop03", "prove\Develop03\Develop03.csproj", "{8FF9FC57-C8A2-49FD-9DC2-65C87F0A16E1}"
EndProject
Project("{9A19103F-16F7-4668-BE54-9A1E7A4F7556}") = "Develop04", "prove\Develop04\Develop04.csproj", "{6CB9C95E-C54B-4698-89B0-291B884250E9}"
EndProject
Project("{9A19103F-16F7-4668-BE54-9A1E7A4F7556}") = "Develop05", "prove\Develop05\Develop05.csproj", "{C684DFAA-45D1-4340-873B-5E000A65B0D6}"
EndProject
Project("{2150E333-8FDC-42A3-9474-1A3956D46DE8}") = "sandbox", "sandbox", "{0FCDFBA6-6B23-4E9B-8078-F9BA564EBC16}"
EndProject
Project("{9A19103F-16F7-4668-BE54-9A1E7A4F7556}") = "Sandbox", "sandbox\Sandbox\Sandbox.csproj", "{73DC4800-07A2-42C5-AAB6-A967FEE28AA1}"
EndProject
Global
	GlobalSection(SolutionConfigurationPlatforms) = preSolution
		Debug|Any CPU = Debug|Any CPU
		Release|Any CPU = Release|Any CPU
	EndGlobalSection
	GlobalSection(ProjectConfigurationPlatforms) = postSolution
		{44EBCAA8-E9B4-4F91-99A0-81C4E0A58048}.Debug|Any CPU.ActiveCfg = Debug|Any CPU
		{44EBCAA8-E9B4-4F91-99A0-81C4E0A58048}.Debug|Any CPU.Build.0 = Debug|Any CPU
		{44EBCAA8-E9B4-4F91-99A0-81C4E0A58048}.Release|Any CPU.ActiveCfg = Release|Any CPU
		{44EBCAA8-E9B4-4F91-99A0-81C4E0A58048}.Release|Any CPU.Build.0 = Release|Any CPU
		{C0387640-8C4A-471A-BDA9-3EEEB93D1D9D}.Debug|Any CPU.ActiveCfg = Debug|Any CPU
		{C0387640-8C4A-471A-BDA9-3EEEB93D1D9D}.Debug|Any CPU.Build.0 = Debug|Any CPU
		{C0387640-8C4A-471A-BDA9-3EEEB93D1D9D}.Release|Any CPU.ActiveCfg = Release|Any CPU
		{C0387640-8C4A-471A-BDA9-3EEEB93D1D9D}.Release|Any CPU.Build.0 = Release|Any CPU
		{B7010E8B-46B5-4AB3-8A69-B9B8863A7034}.Debug|Any CPU.ActiveCfg = Debug|Any CPU
		{B7010E8B-46B5-4AB3-8A69-B9B8863A7034}.Debug|Any CPU.Build.0 = Debug|Any CPU
		{B7010E8B-46B5-4AB3-8A69-B9B8863A7034}.Release|Any CPU.ActiveCfg = Release|Any CPU
		{B7010E8B-46B5-4AB3-8A69-B9B8863A7034}.Release|Any CPU.Build.0 = Release|Any CPU
		{D6FCAC2C-ACBD-4121-B58E-15068667A7F3}.Debug|Any CPU.ActiveCfg = Debug|Any CPU
		{D6FCAC2C-ACBD-4121-B58E-15068667A7F3}.Debug|Any CPU.Build.0 = Debug|Any CPU
		{D6FCAC2C-ACBD-4121-B58E-15068667A7F3}.Release|Any CPU.ActiveCfg = Release|Any CPU
		{D6FCAC2C-ACBD-4121-B58E-15068667A7F3}.Release|Any CPU.Build.0 = Release|Any CPU
		{6EF6CB8D-E251-4F81-8AA5-12D06E58D3D7}.Debug|Any CPU.ActiveCfg = Debug|Any CPU
		{6EF6CB8D-E251-4F81-8AA5-12D06E58D3D7}.Debug|Any CPU.Build.0 = Debug|Any CPU
		{6EF6CB8D-E251-4F81-8AA5-12D06E58D3D7}.Release|Any CPU.ActiveCfg = Release|Any CPU
		{6EF6CB8D-E251-4F81-8AA5-12D06E58D3D7}.Release|Any CPU.Build.0 = Release|Any CPU
		{2F7CD283-2FB4-4EAA-A81E-D7EF6EDEFBFC}.Debug|Any CPU.ActiveCfg = Debug|Any CPU
		{2F7CD283-2FB4-4EAA-A81E-D7EF6EDEFBFC}.Debug|Any CPU.Build.0 = Debug|Any CPU
		{2F7CD283-2FB4-4EAA-A81E-D7EF6EDEFBFC}.Release|Any CPU.ActiveCfg = Release|Any CPU
		{2F7CD283-2FB4-4EAA-A81E-D7EF6EDEFBFC}.Release|Any CPU.Build.0 = Release|Any CPU
		{837E51DB-CC62-46CD-96A1-5773209E7ACD}.Debug|Any CPU.ActiveCfg = Debug|Any CPU
		{837E51DB-CC62-46CD-96A1-5773209E7ACD}.Debug|Any CPU.Build.0 = Debug|Any CPU
		{837E51DB-CC62-46CD-96A1-5773209E7ACD}.Release|Any CPU.ActiveCfg = Release|Any CPU
		{837E51DB-CC62-46CD-96A1-5773209E7ACD}.Release|Any CPU.Build.0 = Release|Any CPU
		{5F059DCE-05F7-4B13-BAD4-037AB2FC530E}.Debug|Any CPU.ActiveCfg = Debug|Any CPU
		{5F059DCE-05F7-4B13-BAD4-037AB2FC530E}.Debug|Any CPU.Build.0 = Debug|Any CPU
		{5F059DCE-05F7-4B13-BAD4-037AB2FC530E}.Release|Any CPU.ActiveCfg = Release|Any CPU
		{5F059DCE-05F7-4B13-BAD4-037AB2FC530E}.Release|Any CPU.Build.0 = Release|Any CPU
		{CCA79547-9F17-4141-BD6F-3208694ABCD8}.Debug|Any CPU.ActiveCfg = Debug|Any CPU
		{CCA79547-9F17-4141-BD6F-3208694ABCD8}.Debug|Any CPU.Build.0 = Debug|Any CPU
		{CCA79547-9F17-4141-BD6F-3208694ABCD8}.Release|Any CPU.ActiveCfg = Release|Any CPU
		{CCA79547-9F17-4141-BD6F-3208694ABCD8}.Release|Any CPU.Build.0 = Release|Any CPU
		{E769FABB-5D71-42F8-844F-FDC552853B12}.Debug|Any CPU.ActiveCfg = Debug|Any CPU
		{E769FABB-5D71-42F8-844F-FDC552853B12}.Debug|Any CPU.Build.0 = Debug|Any CPU
		{E769FABB-5D71-42F8-844F-FDC552853B12}.Release|Any CPU.ActiveCfg = Release|Any CPU
		{E769FABB-5D71-42F8-844F-FDC552853B12}.Release|Any CPU.Build.0 = Release|Any CPU
		{0A74B305-9A39-4616-99C8-60608EF70384}.Debug|Any CPU.ActiveCfg = Debug|Any CPU
		{0A74B305-9A39-4616-99C8-60608EF70384}.Debug|Any CPU.Build.0 = Debug|Any CPU
		{0A74B305-9A39-4616-99C8-60608EF70384}.Release|Any CPU.ActiveCfg = Release|Any CPU
		{0A74B305-9A39-4616-99C8-60608EF70384}.Release|Any CPU.Build.0 = Release|Any CPU
		{BD8E1583-EA01-46E8-BD12-6846B0C525B5}.Debug|Any CPU.ActiveCfg = Debug|Any CPU
		{BD8E1583-EA01-46E8-BD12-6846B0C525B5}.Debug|Any CPU.Build.0 = Debug|Any CPU
		{BD8E1583-EA01-46E8-BD12-6846B0C525B5}.Release|Any CPU.ActiveCfg = Release|Any CPU
		{BD8E1583-EA01-46E8-BD12-6846B0C525B5}.Release|Any CPU.Build.0 = Release|Any CPU
		{052347C2-44E4-499C-ADB1-32CAB3ED982C}.Debug|Any CPU.ActiveCfg = Debug|Any CPU
		{052347C2-44E4-499C-ADB1-32CAB3ED982C}.Debug|Any CPU.Build.0 = Debug|Any CPU
		{052347C2-44E4-499C-ADB1-32CAB3ED982C}.Release|Any CPU.ActiveCfg = Release|Any CPU
		{052347C2-44E4-499C-ADB1-32CAB3ED982C}.Release|Any CPU.Build.0 = Release|Any CPU
		{CE08EDB7-B8B1-4FB6-93B7-5758EBAB8533}.Debug|Any CPU.ActiveCfg = Debug|Any CPU
		{CE08EDB7-B8B1-4FB6-93B7-5758EBAB8533}.Debug|Any CPU.Build.0 = Debug|Any CPU
		{CE08EDB7-B8B1-4FB6-93B7-5758EBAB8533}.Release|Any CPU.ActiveCfg = Release|Any CPU
		{CE08EDB7-B8B1-4FB6-93B7-5758EBAB8533}.Release|Any CPU.Build.0 = Release|Any CPU
		{F69AF7EE-80C3-4B03-99BA-064E5465CCF0}.Debug|Any CPU.ActiveCfg = Debug|Any CPU
		{F69AF7EE-80C3-4B03-99BA-064E5465CCF0}.Debug|Any CPU.Build.0 = Debug|Any CPU
		{F69AF7EE-80C3-4B03-99BA-064E5465CCF0}.Release|Any CPU.ActiveCfg = Release|Any CPU
		{F69AF7EE-80C3-4B03-99BA-064E5465CCF0}.Release|Any CPU.Build.0 = Release|Any CPU
		{8FF9FC57-C8A2-49FD-9DC2-65C87F0A16E1}.Debug|Any CPU.ActiveCfg = Debug|Any CPU
		{8FF9FC57-C8A2-49FD-9DC2-65C87F0A16E1}.Debug|Any CPU.Build.0 = Debug|Any CPU
		{8FF9FC57-C8A2-49FD-9DC2-65C87F0A16E1}.Release|Any CPU.ActiveCfg = Release|Any CPU
		{8FF9FC57-C8A2-49FD-9DC2-65C87F0A16E1}.Release|Any CPU.Build.0 = Release|Any CPU
		{6CB9C95E-C54B-4698-89B0-291B884250E9}.Debug|Any CPU.ActiveCfg = Debug|Any CPU
		{6CB9C95E-C54B-4698-89B0-291B884250E9}.Debug|Any CPU.Build.0 = Debug|Any CPU
		{6CB9C95E-C54B-4698-89B0-291B884250E9}.Release|Any CPU.ActiveCfg = Release|Any CPU
		{6CB9C95E-C54B-4698-89B0-291B884250E9}.Release|Any CPU.Build.0 = Release|Any CPU
		{C684DFAA-45D1-4340-873B-5E000A65B0D6}.Debug|Any CPU.ActiveCfg = Debug|Any CPU
		{C684DFAA-45D1-4340-873B-5E000A65B0D6}.Debug|Any CPU.Build.0 = Debug|Any CPU
		{C684DFAA-45D1-4340-873B-5E000A65B0D6}.Release|Any CPU.ActiveCfg = Release|Any CPU
		{C684DFAA-45D1-4340-873B-5E000A65B0D6}.Release|Any CPU.Build.0 = Release|Any CPU
		{73DC4800-07A2-42C5-AAB6-A967FEE28AA1}.Debug|Any CPU.ActiveCfg = Debug|Any CPU
		{73DC4800-07A2-42C5-AAB6-A967FEE28AA1}.Debug|Any CPU.Build.0 = Debug|Any CPU
		{73DC4800-07A2-42C5-AAB6-A967FEE28AA1}.Release|Any CPU.ActiveCfg = Release|Any CPU
		{73DC4800-07A2-42C5-AAB6-A967FEE28AA1}.Release|Any CPU.Build.0 = Release|Any CPU
	EndGlobalSection
	GlobalSection(SolutionProperties) = preSolution
		HideSolutionNode = FALSE
	EndGlobalSection
	GlobalSection(NestedProjects) = preSolution
		{44EBCAA8-E9B4-4F91-99A0-81C4E0A58048} = {F837F7C6-B607-48DB-9F53-CC76E585C581}
		{C0387640-8C4A-471A-BDA9-3EEEB93D1D9D} = {F837F7C6-B607-48DB-9F53-CC76E585C581}
		{B7010E8B-46B5-4AB3-8A69-B9B8863A7034} = {F837F7C6-B607-48DB-9F53-CC76E585C581}
		{D6FCAC2C-ACBD-4121-B58E-15068667A7F3} = {F837F7C6-B607-48DB-9F53-CC76E585C581}
		{6EF6CB8D-E251-4F81-8AA5-12D06E58D3D7} = {F837F7C6-B607-48DB-9F53-CC76E585C581}
		{2F7CD283-2FB4-4EAA-A81E-D7EF6EDEFBFC} = {0FBFFE5F-025F-4EB4-8D78-E8225735916A}
		{837E51DB-CC62-46CD-96A1-5773209E7ACD} = {0FBFFE5F-025F-4EB4-8D78-E8225735916A}
		{5F059DCE-05F7-4B13-BAD4-037AB2FC530E} = {0FBFFE5F-025F-4EB4-8D78-E8225735916A}
		{CCA79547-9F17-4141-BD6F-3208694ABCD8} = {0FBFFE5F-025F-4EB4-8D78-E8225735916A}
		{E769FABB-5D71-42F8-844F-FDC552853B12} = {0FBFFE5F-025F-4EB4-8D78-E8225735916A}
		{0A74B305-9A39-4616-99C8-60608EF70384} = {4C825831-6F9E-4FA6-A89A-6F833D2C70C6}
		{BD8E1583-EA01-46E8-BD12-6846B0C525B5} = {4C825831-6F9E-4FA6-A89A-6F833D2C70C6}
		{052347C2-44E4-499C-ADB1-32CAB3ED982C} = {4C825831-6F9E-4FA6-A89A-6F833D2C70C6}
		{CE08EDB7-B8B1-4FB6-93B7-5758EBAB8533} = {4C825831-6F9E-4FA6-A89A-6F833D2C70C6}
		{F69AF7EE-80C3-4B03-99BA-064E5465CCF0} = {BD8DC0A0-C777-4AD0-8EA0-C969F49A9393}
		{8FF9FC57-C8A2-49FD-9DC2-65C87F0A16E1} = {BD8DC0A0-C777-4AD0-8EA0-C969F49A9393}
		{6CB9C95E-C54B-4698-89B0-291B884250E9} = {BD8DC0A0-C777-4AD0-8EA0-C969F49A9393}
		{C684DFAA-45D1-4340-873B-5E000A65B0D6} = {BD8DC0A0-C777-4AD0-8EA0-C969F49A9393}
		{73DC4800-07A2-42C5-AAB6-A967FEE28AA1} = {0FCDFBA6-6B23-4E9B-8078-F9BA564EBC16}
	EndGlobalSection
	GlobalSection(ExtensibilityGlobals) = postSolution
		SolutionGuid = {D8FF70CA-FB56-4AD0-8AAC-AD7DE0549EF3}
	EndGlobalSection
EndGlobal
